
Microsoft Visual Studio Solution File, Format Version 12.00
# Visual Studio 15
VisualStudioVersion = 15.0.28010.2036
MinimumVisualStudioVersion = 10.0.40219.1
Project("{FAE04EC0-301F-11D3-BF4B-00C04F79EFBC}") = "Hello", "Hello\Hello.csproj", "{C1C28D04-AD81-401E-8F52-EBA199169E6B}"
EndProject
Project("{FAE04EC0-301F-11D3-BF4B-00C04F79EFBC}") = "StudentDiary", "StudentDiary\StudentDiary.csproj", "{F6565A3B-EFCD-4DCA-97B8-E9DE3EDEF4CB}"
EndProject
Project("{FAE04EC0-301F-11D3-BF4B-00C04F79EFBC}") = "Constructors", "Constructors\Constructors.csproj", "{A67435CE-4CEA-4840-B149-296C9C9A68EC}"
EndProject
Project("{FAE04EC0-301F-11D3-BF4B-00C04F79EFBC}") = "Odcinek10", "Odcinek10\Odcinek10.csproj", "{C24E55C8-AC2A-45A0-9F45-287290178711}"
EndProject
Project("{FAE04EC0-301F-11D3-BF4B-00C04F79EFBC}") = "Odcinek13", "Odcinek13\Odcinek13.csproj", "{22C16F8B-CF68-4F93-AE2F-55FFB74CDD43}"
EndProject
Global
	GlobalSection(SolutionConfigurationPlatforms) = preSolution
		Debug|Any CPU = Debug|Any CPU
		Release|Any CPU = Release|Any CPU
	EndGlobalSection
	GlobalSection(ProjectConfigurationPlatforms) = postSolution
		{C1C28D04-AD81-401E-8F52-EBA199169E6B}.Debug|Any CPU.ActiveCfg = Debug|Any CPU
		{C1C28D04-AD81-401E-8F52-EBA199169E6B}.Debug|Any CPU.Build.0 = Debug|Any CPU
		{C1C28D04-AD81-401E-8F52-EBA199169E6B}.Release|Any CPU.ActiveCfg = Release|Any CPU
		{C1C28D04-AD81-401E-8F52-EBA199169E6B}.Release|Any CPU.Build.0 = Release|Any CPU
		{F6565A3B-EFCD-4DCA-97B8-E9DE3EDEF4CB}.Debug|Any CPU.ActiveCfg = Debug|Any CPU
		{F6565A3B-EFCD-4DCA-97B8-E9DE3EDEF4CB}.Debug|Any CPU.Build.0 = Debug|Any CPU
		{F6565A3B-EFCD-4DCA-97B8-E9DE3EDEF4CB}.Release|Any CPU.ActiveCfg = Release|Any CPU
		{F6565A3B-EFCD-4DCA-97B8-E9DE3EDEF4CB}.Release|Any CPU.Build.0 = Release|Any CPU
		{A67435CE-4CEA-4840-B149-296C9C9A68EC}.Debug|Any CPU.ActiveCfg = Debug|Any CPU
		{A67435CE-4CEA-4840-B149-296C9C9A68EC}.Debug|Any CPU.Build.0 = Debug|Any CPU
		{A67435CE-4CEA-4840-B149-296C9C9A68EC}.Release|Any CPU.ActiveCfg = Release|Any CPU
		{A67435CE-4CEA-4840-B149-296C9C9A68EC}.Release|Any CPU.Build.0 = Release|Any CPU
		{C24E55C8-AC2A-45A0-9F45-287290178711}.Debug|Any CPU.ActiveCfg = Debug|Any CPU
		{C24E55C8-AC2A-45A0-9F45-287290178711}.Debug|Any CPU.Build.0 = Debug|Any CPU
		{C24E55C8-AC2A-45A0-9F45-287290178711}.Release|Any CPU.ActiveCfg = Release|Any CPU
		{C24E55C8-AC2A-45A0-9F45-287290178711}.Release|Any CPU.Build.0 = Release|Any CPU
		{22C16F8B-CF68-4F93-AE2F-55FFB74CDD43}.Debug|Any CPU.ActiveCfg = Debug|Any CPU
		{22C16F8B-CF68-4F93-AE2F-55FFB74CDD43}.Debug|Any CPU.Build.0 = Debug|Any CPU
		{22C16F8B-CF68-4F93-AE2F-55FFB74CDD43}.Release|Any CPU.ActiveCfg = Release|Any CPU
		{22C16F8B-CF68-4F93-AE2F-55FFB74CDD43}.Release|Any CPU.Build.0 = Release|Any CPU
	EndGlobalSection
	GlobalSection(SolutionProperties) = preSolution
		HideSolutionNode = FALSE
	EndGlobalSection
	GlobalSection(ExtensibilityGlobals) = postSolution
		SolutionGuid = {89D4DA05-DE6F-4526-8B9E-6CCE89C7096B}
	EndGlobalSection
EndGlobal
